
Microsoft Visual Studio Solution File, Format Version 12.00
# Visual Studio Version 17
VisualStudioVersion = 17.10.35122.118
MinimumVisualStudioVersion = 10.0.40219.1
Project("{FAE04EC0-301F-11D3-BF4B-00C04F79EFBC}") = "CalculadoraGitHub", "CalculadoraGitHub.csproj", "{A3C1CCED-82BF-42DD-9E44-7DFE71467B99}"
EndProject
Global
	GlobalSection(SolutionConfigurationPlatforms) = preSolution
		Debug|Any CPU = Debug|Any CPU
		Release|Any CPU = Release|Any CPU
	EndGlobalSection
	GlobalSection(ProjectConfigurationPlatforms) = postSolution
		{A3C1CCED-82BF-42DD-9E44-7DFE71467B99}.Debug|Any CPU.ActiveCfg = Debug|Any CPU
		{A3C1CCED-82BF-42DD-9E44-7DFE71467B99}.Debug|Any CPU.Build.0 = Debug|Any CPU
		{A3C1CCED-82BF-42DD-9E44-7DFE71467B99}.Release|Any CPU.ActiveCfg = Release|Any CPU
		{A3C1CCED-82BF-42DD-9E44-7DFE71467B99}.Release|Any CPU.Build.0 = Release|Any CPU
	EndGlobalSection
	GlobalSection(SolutionProperties) = preSolution
		HideSolutionNode = FALSE
	EndGlobalSection
	GlobalSection(ExtensibilityGlobals) = postSolution
		SolutionGuid = {E4283CA7-6F7B-4158-8932-639BC42FB597}
	EndGlobalSection
EndGlobal
